
Microsoft Visual Studio Solution File, Format Version 12.00
# Visual Studio Version 17
VisualStudioVersion = 17.9.34714.143
MinimumVisualStudioVersion = 10.0.40219.1
Project("{FAE04EC0-301F-11D3-BF4B-00C04F79EFBC}") = "radioButtonUsing7.1CSharp", "radioButtonUsing7.1CSharp\radioButtonUsing7.1CSharp.csproj", "{98C510DC-F6A3-43BF-9A4E-AAD08B980E77}"
EndProject
Global
	GlobalSection(SolutionConfigurationPlatforms) = preSolution
		Debug|Any CPU = Debug|Any CPU
		Release|Any CPU = Release|Any CPU
	EndGlobalSection
	GlobalSection(ProjectConfigurationPlatforms) = postSolution
		{98C510DC-F6A3-43BF-9A4E-AAD08B980E77}.Debug|Any CPU.ActiveCfg = Debug|Any CPU
		{98C510DC-F6A3-43BF-9A4E-AAD08B980E77}.Debug|Any CPU.Build.0 = Debug|Any CPU
		{98C510DC-F6A3-43BF-9A4E-AAD08B980E77}.Release|Any CPU.ActiveCfg = Release|Any CPU
		{98C510DC-F6A3-43BF-9A4E-AAD08B980E77}.Release|Any CPU.Build.0 = Release|Any CPU
	EndGlobalSection
	GlobalSection(SolutionProperties) = preSolution
		HideSolutionNode = FALSE
	EndGlobalSection
	GlobalSection(ExtensibilityGlobals) = postSolution
		SolutionGuid = {030FC0EA-CCBF-433B-A376-1334FB94F341}
	EndGlobalSection
EndGlobal
